
Microsoft Visual Studio Solution File, Format Version 12.00
# Visual Studio Version 17
VisualStudioVersion = 17.9.34714.143
MinimumVisualStudioVersion = 10.0.40219.1
Project("{FAE04EC0-301F-11D3-BF4B-00C04F79EFBC}") = "PR10", "PR10\PR10.csproj", "{883DF856-A174-4CB9-8492-77E044958073}"
EndProject
Global
	GlobalSection(SolutionConfigurationPlatforms) = preSolution
		Debug|Any CPU = Debug|Any CPU
		Release|Any CPU = Release|Any CPU
	EndGlobalSection
	GlobalSection(ProjectConfigurationPlatforms) = postSolution
		{883DF856-A174-4CB9-8492-77E044958073}.Debug|Any CPU.ActiveCfg = Debug|Any CPU
		{883DF856-A174-4CB9-8492-77E044958073}.Debug|Any CPU.Build.0 = Debug|Any CPU
		{883DF856-A174-4CB9-8492-77E044958073}.Release|Any CPU.ActiveCfg = Release|Any CPU
		{883DF856-A174-4CB9-8492-77E044958073}.Release|Any CPU.Build.0 = Release|Any CPU
	EndGlobalSection
	GlobalSection(SolutionProperties) = preSolution
		HideSolutionNode = FALSE
	EndGlobalSection
	GlobalSection(ExtensibilityGlobals) = postSolution
		SolutionGuid = {A8B44C7E-E641-4A3A-9D22-71B708ED0746}
	EndGlobalSection
EndGlobal
